{
  "name": "ha-sip",
  "version": "1.0.0",
  "lockfileVersion": 1,
  "requires": true,
  "dependencies": {
    "sip.js": {
      "version": "0.20.0",
      "resolved": "https://registry.npmjs.org/sip.js/-/sip.js-0.20.0.tgz",
      "integrity": "sha512-Xjmopw8LleGsdYDU93ykm8iPAGSnFkB8nC1ro4CL/N+Er9O9dAimpvuR1W2tcsYAgoAa4l8Iyx4wrU6ke8xGFg=="
    }
  }
}
